{
	"name": "basehalf",
	"version": "0.1.0",
	"lockfileVersion": 3,
	"requires": true,
	"packages": {
		"": {
			"name": "basehalf",
			"version": "0.1.0",
			"license": "Apache-2.0",
			"devDependencies": {
				"@types/vscode-webview": "1.57.5"
			},
			"engines": {
				"vscode": "^1.128.0"
			}
		},
		"node_modules/@types/vscode-webview": {
			"version": "1.57.5",
			"resolved": "https://registry.npmmirror.com/@types/vscode-webview/-/vscode-webview-1.57.5.tgz",
			"integrity": "sha512-iBAUYNYkz+uk1kdsq05fEcoh8gJmwT3lqqFPN7MGyjQ3HVloViMdo7ZJ8DFIP8WOK74PjOEilosqAyxV2iUFUw==",
			"dev": true,
			"license": "MIT"
		}
	}
}
